
Microsoft Visual Studio Solution File, Format Version 12.00
# Visual Studio Version 16
VisualStudioVersion = 16.0.30406.217
MinimumVisualStudioVersion = 10.0.40219.1
Project("{FAE04EC0-301F-11D3-BF4B-00C04F79EFBC}") = "MVC5ONLINETICARIOTAMASYON", "MVC5ONLINETICARIOTAMASYON.csproj", "{7C08DBF8-7015-4394-9DD1-0627736BFE06}"
EndProject
Global
	GlobalSection(SolutionConfigurationPlatforms) = preSolution
		Debug|Any CPU = Debug|Any CPU
		Release|Any CPU = Release|Any CPU
	EndGlobalSection
	GlobalSection(ProjectConfigurationPlatforms) = postSolution
		{7C08DBF8-7015-4394-9DD1-0627736BFE06}.Debug|Any CPU.ActiveCfg = Debug|Any CPU
		{7C08DBF8-7015-4394-9DD1-0627736BFE06}.Debug|Any CPU.Build.0 = Debug|Any CPU
		{7C08DBF8-7015-4394-9DD1-0627736BFE06}.Release|Any CPU.ActiveCfg = Release|Any CPU
		{7C08DBF8-7015-4394-9DD1-0627736BFE06}.Release|Any CPU.Build.0 = Release|Any CPU
	EndGlobalSection
	GlobalSection(SolutionProperties) = preSolution
		HideSolutionNode = FALSE
	EndGlobalSection
	GlobalSection(ExtensibilityGlobals) = postSolution
		SolutionGuid = {DEC8AC80-6540-42B2-8463-9B97D4C80E6D}
	EndGlobalSection
EndGlobal
